PODS:
  - Expecta (0.3.1)
  - libbson (1.0.2)
  - ObjCBSON-experimental (0.1.0):
    - libbson (~> 1.0.2)
  - Specta (0.2.1)

DEPENDENCIES:
  - Expecta
  - ObjCBSON-experimental (from `../`)
  - Specta (~> 0.2.1)

EXTERNAL SOURCES:
  ObjCBSON-experimental:
    :path: ../

SPEC CHECKSUMS:
  Expecta: 03aabd0a89d8dea843baecb19a7fd7466a69a31d
  libbson: 35aa2b8137aae37b246f9c1a4762eb31630a1df9
  ObjCBSON-experimental: f56945dfdd022a6be8ca1e4c9d699d72c15dc2b7
  Specta: 9141310f46b1f68b676650ff2854e1ed0b74163a

COCOAPODS: 0.34.4
